// !$*UTF8*$!
{
	archiveVersion = 1;
	classes = {
	};
	objectVersion = 48;
	objects = {

/* Begin PBXBuildFile section */
		60949D171FB7B839003E919A /* main.c in Sources */ = {isa = PBXBuildFile; fileRef = 60949D161FB7B839003E919A /* main.c */; };
		60949D1F1FB7B8C2003E919A /* line_methods.c in Sources */ = {isa = PBXBuildFile; fileRef = 60949D1E1FB7B8C2003E919A /* line_methods.c */; };
		60949D251FB7BDC8003E919A /* running_modes.c in Sources */ = {isa = PBXBuildFile; fileRef = 60949D241FB7BDC8003E919A /* running_modes.c */; };
/* End PBXBuildFile section */

/* Begin PBXCopyFilesBuildPhase section */
		60949D111FB7B839003E919A /* CopyFiles */ = {
			isa = PBXCopyFilesBuildPhase;
			buildActionMask = 2147483647;
			dstPath = /usr/share/man/man1/;
			dstSubfolderSpec = 0;
			files = (
			);
			runOnlyForDeploymentPostprocessing = 1;
		};
/* End PBXCopyFilesBuildPhase section */

/* Begin PBXFileReference section */
		60949D131FB7B839003E919A /* LineManager */ = {isa = PBXFileReference; explicitFileType = "compiled.mach-o.executable"; includeInIndex = 0; path = LineManager; sourceTree = BUILT_PRODUCTS_DIR; };
		60949D161FB7B839003E919A /* main.c */ = {isa = PBXFileReference; lastKnownFileType = sourcecode.c.c; path = main.c; sourceTree = "<group>"; };
		60949D1D1FB7B8C2003E919A /* line_methods.h */ = {isa = PBXFileReference; lastKnownFileType = sourcecode.c.h; path = line_methods.h; sourceTree = "<group>"; };
		60949D1E1FB7B8C2003E919A /* line_methods.c */ = {isa = PBXFileReference; lastKnownFileType = sourcecode.c.c; path = line_methods.c; sourceTree = "<group>"; };
		60949D231FB7BDC8003E919A /* running_modes.h */ = {isa = PBXFileReference; lastKnownFileType = sourcecode.c.h; path = running_modes.h; sourceTree = "<group>"; };
		60949D241FB7BDC8003E919A /* running_modes.c */ = {isa = PBXFileReference; lastKnownFileType = sourcecode.c.c; path = running_modes.c; sourceTree = "<group>"; };
		60949D281FB7C51E003E919A /* consts.h */ = {isa = PBXFileReference; lastKnownFileType = sourcecode.c.h; path = consts.h; sourceTree = "<group>"; };
/* End PBXFileReference section */

/* Begin PBXFrameworksBuildPhase section */
		60949D101FB7B839003E919A /* Frameworks */ = {
			isa = PBXFrameworksBuildPhase;
			buildActionMask = 2147483647;
			files = (
			);
			runOnlyForDeploymentPostprocessing = 0;
		};
/* End PBXFrameworksBuildPhase section */

/* Begin PBXGroup section */
		60949D0A1FB7B839003E919A = {
			isa = PBXGroup;
			children = (
				60949D151FB7B839003E919A /* LineManager */,
				60949D141FB7B839003E919A /* Products */,
			);
			sourceTree = "<group>";
		};
		60949D141FB7B839003E919A /* Products */ = {
			isa = PBXGroup;
			children = (
				60949D131FB7B839003E919A /* LineManager */,
			);
			name = Products;
			sourceTree = "<group>";
		};
		60949D151FB7B839003E919A /* LineManager */ = {
			isa = PBXGroup;
			children = (
				60949D281FB7C51E003E919A /* consts.h */,
				60949D161FB7B839003E919A /* main.c */,
				60949D231FB7BDC8003E919A /* running_modes.h */,
				60949D241FB7BDC8003E919A /* running_modes.c */,
				60949D1D1FB7B8C2003E919A /* line_methods.h */,
				60949D1E1FB7B8C2003E919A /* line_methods.c */,
			);
			path = LineManager;
			sourceTree = "<group>";
		};
/* End PBXGroup section */

/* Begin PBXNativeTarget section */
		60949D121FB7B839003E919A /* LineManager */ = {
			isa = PBXNativeTarget;
			buildConfigurationList = 60949D1A1FB7B839003E919A /* Build configuration list for PBXNativeTarget "LineManager" */;
			buildPhases = (
				60949D0F1FB7B839003E919A /* Sources */,
				60949D101FB7B839003E919A /* Frameworks */,
				60949D111FB7B839003E919A /* CopyFiles */,
			);
			buildRules = (
			);
			dependencies = (
			);
			name = LineManager;
			productName = LineManager;
			productReference = 60949D131FB7B839003E919A /* LineManager */;
			productType = "com.apple.product-type.tool";
		};
/* End PBXNativeTarget section */

/* Begin PBXProject section */
		60949D0B1FB7B839003E919A /* Project object */ = {
			isa = PBXProject;
			attributes = {
				LastUpgradeCheck = 0910;
				ORGANIZATIONNAME = "Mieszko Wawrzyniak";
				TargetAttributes = {
					60949D121FB7B839003E919A = {
						CreatedOnToolsVersion = 9.1;
						ProvisioningStyle = Automatic;
					};
				};
			};
			buildConfigurationList = 60949D0E1FB7B839003E919A /* Build configuration list for PBXProject "LineManager" */;
			compatibilityVersion = "Xcode 8.0";
			developmentRegion = en;
			hasScannedForEncodings = 0;
			knownRegions = (
				en,
			);
			mainGroup = 60949D0A1FB7B839003E919A;
			productRefGroup = 60949D141FB7B839003E919A /* Products */;
			projectDirPath = "";
			projectRoot = "";
			targets = (
				60949D121FB7B839003E919A /* LineManager */,
			);
		};
/* End PBXProject section */

/* Begin PBXSourcesBuildPhase section */
		60949D0F1FB7B839003E919A /* Sources */ = {
			isa = PBXSourcesBuildPhase;
			buildActionMask = 2147483647;
			files = (
				60949D251FB7BDC8003E919A /* running_modes.c in Sources */,
				60949D1F1FB7B8C2003E919A /* line_methods.c in Sources */,
				60949D171FB7B839003E919A /* main.c in Sources */,
			);
			runOnlyForDeploymentPostprocessing = 0;
		};
/* End PBXSourcesBuildPhase section */

/* Begin XCBuildConfiguration section */
		60949D181FB7B839003E919A /* Debug */ = {
			isa = XCBuildConfiguration;
			buildSettings = {
				ALWAYS_SEARCH_USER_PATHS = NO;
				CLANG_ANALYZER_NONNULL = YES;
				CLANG_ANALYZER_NUMBER_OBJECT_CONVERSION = YES_AGGRESSIVE;
				CLANG_CXX_LANGUAGE_STANDARD = "gnu++14";
				CLANG_CXX_LIBRARY = "libc++";
				CLANG_ENABLE_MODULES = YES;
				CLANG_ENABLE_OBJC_ARC = YES;
				CLANG_WARN_BLOCK_CAPTURE_AUTORELEASING = YES;
				CLANG_WARN_BOOL_CONVERSION = YES;
				CLANG_WARN_COMMA = YES;
				CLANG_WARN_CONSTANT_CONVERSION = YES;
				CLANG_WARN_DIRECT_OBJC_ISA_USAGE = YES_ERROR;
				CLANG_WARN_DOCUMENTATION_COMMENTS = YES;
				CLANG_WARN_EMPTY_BODY = YES;
				CLANG_WARN_ENUM_CONVERSION = YES;
				CLANG_WARN_INFINITE_RECURSION = YES;
				CLANG_WARN_INT_CONVERSION = YES;
				CLANG_WARN_NON_LITERAL_NULL_CONVERSION = YES;
				CLANG_WARN_OBJC_LITERAL_CONVERSION = YES;
				CLANG_WARN_OBJC_ROOT_CLASS = YES_ERROR;
				CLANG_WARN_RANGE_LOOP_ANALYSIS = YES;
				CLANG_WARN_STRICT_PROTOTYPES = YES;
				CLANG_WARN_SUSPICIOUS_MOVE = YES;
				CLANG_WARN_UNGUARDED_AVAILABILITY = YES_AGGRESSIVE;
				CLANG_WARN_UNREACHABLE_CODE = YES;
				CLANG_WARN__DUPLICATE_METHOD_MATCH = YES;
				CODE_SIGN_IDENTITY = "-";
				COPY_PHASE_STRIP = NO;
				DEBUG_INFORMATION_FORMAT = dwarf;
				ENABLE_STRICT_OBJC_MSGSEND = YES;
				ENABLE_TESTABILITY = YES;
				GCC_C_LANGUAGE_STANDARD = gnu11;
				GCC_DYNAMIC_NO_PIC = NO;
				GCC_NO_COMMON_BLOCKS = YES;
				GCC_OPTIMIZATION_LEVEL = 0;
				GCC_PREPROCESSOR_DEFINITIONS = (
					"DEBUG=1",
					"$(inherited)",
				);
				GCC_WARN_64_TO_32_BIT_CONVERSION = YES;
				GCC_WARN_ABOUT_RETURN_TYPE = YES_ERROR;
				GCC_WARN_UNDECLARED_SELECTOR = YES;
				GCC_WARN_UNINITIALIZED_AUTOS = YES_AGGRESSIVE;
				GCC_WARN_UNUSED_FUNCTION = YES;
				GCC_WARN_UNUSED_VARIABLE = YES;
				MACOSX_DEPLOYMENT_TARGET = 10.13;
				MTL_ENABLE_DEBUG_INFO = YES;
				ONLY_ACTIVE_ARCH = YES;
				SDKROOT = macosx;
			};
			name = Debug;
		};
		60949D191FB7B839003E919A /* Release */ = {
			isa = XCBuildConfiguration;
			buildSettings = {
				ALWAYS_SEARCH_USER_PATHS = NO;
				CLANG_ANALYZER_NONNULL = YES;
				CLANG_ANALYZER_NUMBER_OBJECT_CONVERSION = YES_AGGRESSIVE;
				CLANG_CXX_LANGUAGE_STANDARD = "gnu++14";
				CLANG_CXX_LIBRARY = "libc++";
				CLANG_ENABLE_MODULES = YES;
				CLANG_ENABLE_OBJC_ARC = YES;
				CLANG_WARN_BLOCK_CAPTURE_AUTORELEASING = YES;
				CLANG_WARN_BOOL_CONVERSION = YES;
				CLANG_WARN_COMMA = YES;
				CLANG_WARN_CONSTANT_CONVERSION = YES;
				CLANG_WARN_DIRECT_OBJC_ISA_USAGE = YES_ERROR;
				CLANG_WARN_DOCUMENTATION_COMMENTS = YES;
				CLANG_WARN_EMPTY_BODY = YES;
				CLANG_WARN_ENUM_CONVERSION = YES;
				CLANG_WARN_INFINITE_RECURSION = YES;
				CLANG_WARN_INT_CONVERSION = YES;
				CLANG_WARN_NON_LITERAL_NULL_CONVERSION = YES;
				CLANG_WARN_OBJC_LITERAL_CONVERSION = YES;
				CLANG_WARN_OBJC_ROOT_CLASS = YES_ERROR;
				CLANG_WARN_RANGE_LOOP_ANALYSIS = YES;
				CLANG_WARN_STRICT_PROTOTYPES = YES;
				CLANG_WARN_SUSPICIOUS_MOVE = YES;
				CLANG_WARN_UNGUARDED_AVAILABILITY = YES_AGGRESSIVE;
				CLANG_WARN_UNREACHABLE_CODE = YES;
				CLANG_WARN__DUPLICATE_METHOD_MATCH = YES;
				CODE_SIGN_IDENTITY = "-";
				COPY_PHASE_STRIP = NO;
				DEBUG_INFORMATION_FORMAT = "dwarf-with-dsym";
				ENABLE_NS_ASSERTIONS = NO;
				ENABLE_STRICT_OBJC_MSGSEND = YES;
				GCC_C_LANGUAGE_STANDARD = gnu11;
				GCC_NO_COMMON_BLOCKS = YES;
				GCC_WARN_64_TO_32_BIT_CONVERSION = YES;
				GCC_WARN_ABOUT_RETURN_TYPE = YES_ERROR;
				GCC_WARN_UNDECLARED_SELECTOR = YES;
				GCC_WARN_UNINITIALIZED_AUTOS = YES_AGGRESSIVE;
				GCC_WARN_UNUSED_FUNCTION = YES;
				GCC_WARN_UNUSED_VARIABLE = YES;
				MACOSX_DEPLOYMENT_TARGET = 10.13;
				MTL_ENABLE_DEBUG_INFO = NO;
				SDKROOT = macosx;
			};
			name = Release;
		};
		60949D1B1FB7B839003E919A /* Debug */ = {
			isa = XCBuildConfiguration;
			buildSettings = {
				CODE_SIGN_STYLE = Automatic;
				PRODUCT_NAME = "$(TARGET_NAME)";
			};
			name = Debug;
		};
		60949D1C1FB7B839003E919A /* Release */ = {
			isa = XCBuildConfiguration;
			buildSettings = {
				CODE_SIGN_STYLE = Automatic;
				PRODUCT_NAME = "$(TARGET_NAME)";
			};
			name = Release;
		};
/* End XCBuildConfiguration section */

/* Begin XCConfigurationList section */
		60949D0E1FB7B839003E919A /* Build configuration list for PBXProject "LineManager" */ = {
			isa = XCConfigurationList;
			buildConfigurations = (
				60949D181FB7B839003E919A /* Debug */,
				60949D191FB7B839003E919A /* Release */,
			);
			defaultConfigurationIsVisible = 0;
			defaultConfigurationName = Release;
		};
		60949D1A1FB7B839003E919A /* Build configuration list for PBXNativeTarget "LineManager" */ = {
			isa = XCConfigurationList;
			buildConfigurations = (
				60949D1B1FB7B839003E919A /* Debug */,
				60949D1C1FB7B839003E919A /* Release */,
			);
			defaultConfigurationIsVisible = 0;
			defaultConfigurationName = Release;
		};
/* End XCConfigurationList section */
	};
	rootObject = 60949D0B1FB7B839003E919A /* Project object */;
}
