// !$*UTF8*$!
{
	archiveVersion = 1;
	classes = {
	};
	objectVersion = 48;
	objects = {

/* Begin PBXBuildFile section */
		609D09BC1FB86C730038B925 /* main.c in Sources */ = {isa = PBXBuildFile; fileRef = 609D09BB1FB86C730038B925 /* main.c */; };
		609D09C41FB86CFF0038B925 /* selectors.c in Sources */ = {isa = PBXBuildFile; fileRef = 609D09C31FB86CFF0038B925 /* selectors.c */; };
		609D09C81FB879730038B925 /* config.c in Sources */ = {isa = PBXBuildFile; fileRef = 609D09C71FB879730038B925 /* config.c */; };
/* End PBXBuildFile section */

/* Begin PBXCopyFilesBuildPhase section */
		609D09B61FB86C730038B925 /* CopyFiles */ = {
			isa = PBXCopyFilesBuildPhase;
			buildActionMask = 2147483647;
			dstPath = /usr/share/man/man1/;
			dstSubfolderSpec = 0;
			files = (
			);
			runOnlyForDeploymentPostprocessing = 1;
		};
/* End PBXCopyFilesBuildPhase section */

/* Begin PBXFileReference section */
		609D09B81FB86C730038B925 /* RangeSelection */ = {isa = PBXFileReference; explicitFileType = "compiled.mach-o.executable"; includeInIndex = 0; path = RangeSelection; sourceTree = BUILT_PRODUCTS_DIR; };
		609D09BB1FB86C730038B925 /* main.c */ = {isa = PBXFileReference; lastKnownFileType = sourcecode.c.c; path = main.c; sourceTree = "<group>"; };
		609D09C21FB86CFF0038B925 /* selectors.h */ = {isa = PBXFileReference; lastKnownFileType = sourcecode.c.h; path = selectors.h; sourceTree = "<group>"; };
		609D09C31FB86CFF0038B925 /* selectors.c */ = {isa = PBXFileReference; lastKnownFileType = sourcecode.c.c; path = selectors.c; sourceTree = "<group>"; };
		609D09C51FB871710038B925 /* consts.h */ = {isa = PBXFileReference; lastKnownFileType = sourcecode.c.h; path = consts.h; sourceTree = "<group>"; };
		609D09C61FB879730038B925 /* config.h */ = {isa = PBXFileReference; lastKnownFileType = sourcecode.c.h; path = config.h; sourceTree = "<group>"; };
		609D09C71FB879730038B925 /* config.c */ = {isa = PBXFileReference; lastKnownFileType = sourcecode.c.c; path = config.c; sourceTree = "<group>"; };
/* End PBXFileReference section */

/* Begin PBXFrameworksBuildPhase section */
		609D09B51FB86C730038B925 /* Frameworks */ = {
			isa = PBXFrameworksBuildPhase;
			buildActionMask = 2147483647;
			files = (
			);
			runOnlyForDeploymentPostprocessing = 0;
		};
/* End PBXFrameworksBuildPhase section */

/* Begin PBXGroup section */
		609D09AF1FB86C730038B925 = {
			isa = PBXGroup;
			children = (
				609D09BA1FB86C730038B925 /* RangeSelection */,
				609D09B91FB86C730038B925 /* Products */,
			);
			sourceTree = "<group>";
		};
		609D09B91FB86C730038B925 /* Products */ = {
			isa = PBXGroup;
			children = (
				609D09B81FB86C730038B925 /* RangeSelection */,
			);
			name = Products;
			sourceTree = "<group>";
		};
		609D09BA1FB86C730038B925 /* RangeSelection */ = {
			isa = PBXGroup;
			children = (
				609D09BB1FB86C730038B925 /* main.c */,
				609D09C21FB86CFF0038B925 /* selectors.h */,
				609D09C31FB86CFF0038B925 /* selectors.c */,
				609D09C61FB879730038B925 /* config.h */,
				609D09C71FB879730038B925 /* config.c */,
				609D09C51FB871710038B925 /* consts.h */,
			);
			path = RangeSelection;
			sourceTree = "<group>";
		};
/* End PBXGroup section */

/* Begin PBXNativeTarget section */
		609D09B71FB86C730038B925 /* RangeSelection */ = {
			isa = PBXNativeTarget;
			buildConfigurationList = 609D09BF1FB86C730038B925 /* Build configuration list for PBXNativeTarget "RangeSelection" */;
			buildPhases = (
				609D09B41FB86C730038B925 /* Sources */,
				609D09B51FB86C730038B925 /* Frameworks */,
				609D09B61FB86C730038B925 /* CopyFiles */,
			);
			buildRules = (
			);
			dependencies = (
			);
			name = RangeSelection;
			productName = RangeSelection;
			productReference = 609D09B81FB86C730038B925 /* RangeSelection */;
			productType = "com.apple.product-type.tool";
		};
/* End PBXNativeTarget section */

/* Begin PBXProject section */
		609D09B01FB86C730038B925 /* Project object */ = {
			isa = PBXProject;
			attributes = {
				LastUpgradeCheck = 0910;
				ORGANIZATIONNAME = "Mieszko Wawrzyniak";
				TargetAttributes = {
					609D09B71FB86C730038B925 = {
						CreatedOnToolsVersion = 9.1;
						ProvisioningStyle = Automatic;
					};
				};
			};
			buildConfigurationList = 609D09B31FB86C730038B925 /* Build configuration list for PBXProject "RangeSelection" */;
			compatibilityVersion = "Xcode 8.0";
			developmentRegion = en;
			hasScannedForEncodings = 0;
			knownRegions = (
				en,
			);
			mainGroup = 609D09AF1FB86C730038B925;
			productRefGroup = 609D09B91FB86C730038B925 /* Products */;
			projectDirPath = "";
			projectRoot = "";
			targets = (
				609D09B71FB86C730038B925 /* RangeSelection */,
			);
		};
/* End PBXProject section */

/* Begin PBXSourcesBuildPhase section */
		609D09B41FB86C730038B925 /* Sources */ = {
			isa = PBXSourcesBuildPhase;
			buildActionMask = 2147483647;
			files = (
				609D09C41FB86CFF0038B925 /* selectors.c in Sources */,
				609D09C81FB879730038B925 /* config.c in Sources */,
				609D09BC1FB86C730038B925 /* main.c in Sources */,
			);
			runOnlyForDeploymentPostprocessing = 0;
		};
/* End PBXSourcesBuildPhase section */

/* Begin XCBuildConfiguration section */
		609D09BD1FB86C730038B925 /* Debug */ = {
			isa = XCBuildConfiguration;
			buildSettings = {
				ALWAYS_SEARCH_USER_PATHS = NO;
				CLANG_ANALYZER_NONNULL = YES;
				CLANG_ANALYZER_NUMBER_OBJECT_CONVERSION = YES_AGGRESSIVE;
				CLANG_CXX_LANGUAGE_STANDARD = "gnu++14";
				CLANG_CXX_LIBRARY = "libc++";
				CLANG_ENABLE_MODULES = YES;
				CLANG_ENABLE_OBJC_ARC = YES;
				CLANG_WARN_BLOCK_CAPTURE_AUTORELEASING = YES;
				CLANG_WARN_BOOL_CONVERSION = YES;
				CLANG_WARN_COMMA = YES;
				CLANG_WARN_CONSTANT_CONVERSION = YES;
				CLANG_WARN_DIRECT_OBJC_ISA_USAGE = YES_ERROR;
				CLANG_WARN_DOCUMENTATION_COMMENTS = YES;
				CLANG_WARN_EMPTY_BODY = YES;
				CLANG_WARN_ENUM_CONVERSION = YES;
				CLANG_WARN_INFINITE_RECURSION = YES;
				CLANG_WARN_INT_CONVERSION = YES;
				CLANG_WARN_NON_LITERAL_NULL_CONVERSION = YES;
				CLANG_WARN_OBJC_LITERAL_CONVERSION = YES;
				CLANG_WARN_OBJC_ROOT_CLASS = YES_ERROR;
				CLANG_WARN_RANGE_LOOP_ANALYSIS = YES;
				CLANG_WARN_STRICT_PROTOTYPES = YES;
				CLANG_WARN_SUSPICIOUS_MOVE = YES;
				CLANG_WARN_UNGUARDED_AVAILABILITY = YES_AGGRESSIVE;
				CLANG_WARN_UNREACHABLE_CODE = YES;
				CLANG_WARN__DUPLICATE_METHOD_MATCH = YES;
				CODE_SIGN_IDENTITY = "-";
				COPY_PHASE_STRIP = NO;
				DEBUG_INFORMATION_FORMAT = dwarf;
				ENABLE_STRICT_OBJC_MSGSEND = YES;
				ENABLE_TESTABILITY = YES;
				GCC_C_LANGUAGE_STANDARD = gnu11;
				GCC_DYNAMIC_NO_PIC = NO;
				GCC_NO_COMMON_BLOCKS = YES;
				GCC_OPTIMIZATION_LEVEL = 0;
				GCC_PREPROCESSOR_DEFINITIONS = (
					"DEBUG=1",
					"$(inherited)",
				);
				GCC_WARN_64_TO_32_BIT_CONVERSION = YES;
				GCC_WARN_ABOUT_RETURN_TYPE = YES_ERROR;
				GCC_WARN_UNDECLARED_SELECTOR = YES;
				GCC_WARN_UNINITIALIZED_AUTOS = YES_AGGRESSIVE;
				GCC_WARN_UNUSED_FUNCTION = YES;
				GCC_WARN_UNUSED_VARIABLE = YES;
				MACOSX_DEPLOYMENT_TARGET = 10.13;
				MTL_ENABLE_DEBUG_INFO = YES;
				ONLY_ACTIVE_ARCH = YES;
				SDKROOT = macosx;
			};
			name = Debug;
		};
		609D09BE1FB86C730038B925 /* Release */ = {
			isa = XCBuildConfiguration;
			buildSettings = {
				ALWAYS_SEARCH_USER_PATHS = NO;
				CLANG_ANALYZER_NONNULL = YES;
				CLANG_ANALYZER_NUMBER_OBJECT_CONVERSION = YES_AGGRESSIVE;
				CLANG_CXX_LANGUAGE_STANDARD = "gnu++14";
				CLANG_CXX_LIBRARY = "libc++";
				CLANG_ENABLE_MODULES = YES;
				CLANG_ENABLE_OBJC_ARC = YES;
				CLANG_WARN_BLOCK_CAPTURE_AUTORELEASING = YES;
				CLANG_WARN_BOOL_CONVERSION = YES;
				CLANG_WARN_COMMA = YES;
				CLANG_WARN_CONSTANT_CONVERSION = YES;
				CLANG_WARN_DIRECT_OBJC_ISA_USAGE = YES_ERROR;
				CLANG_WARN_DOCUMENTATION_COMMENTS = YES;
				CLANG_WARN_EMPTY_BODY = YES;
				CLANG_WARN_ENUM_CONVERSION = YES;
				CLANG_WARN_INFINITE_RECURSION = YES;
				CLANG_WARN_INT_CONVERSION = YES;
				CLANG_WARN_NON_LITERAL_NULL_CONVERSION = YES;
				CLANG_WARN_OBJC_LITERAL_CONVERSION = YES;
				CLANG_WARN_OBJC_ROOT_CLASS = YES_ERROR;
				CLANG_WARN_RANGE_LOOP_ANALYSIS = YES;
				CLANG_WARN_STRICT_PROTOTYPES = YES;
				CLANG_WARN_SUSPICIOUS_MOVE = YES;
				CLANG_WARN_UNGUARDED_AVAILABILITY = YES_AGGRESSIVE;
				CLANG_WARN_UNREACHABLE_CODE = YES;
				CLANG_WARN__DUPLICATE_METHOD_MATCH = YES;
				CODE_SIGN_IDENTITY = "-";
				COPY_PHASE_STRIP = NO;
				DEBUG_INFORMATION_FORMAT = "dwarf-with-dsym";
				ENABLE_NS_ASSERTIONS = NO;
				ENABLE_STRICT_OBJC_MSGSEND = YES;
				GCC_C_LANGUAGE_STANDARD = gnu11;
				GCC_NO_COMMON_BLOCKS = YES;
				GCC_WARN_64_TO_32_BIT_CONVERSION = YES;
				GCC_WARN_ABOUT_RETURN_TYPE = YES_ERROR;
				GCC_WARN_UNDECLARED_SELECTOR = YES;
				GCC_WARN_UNINITIALIZED_AUTOS = YES_AGGRESSIVE;
				GCC_WARN_UNUSED_FUNCTION = YES;
				GCC_WARN_UNUSED_VARIABLE = YES;
				MACOSX_DEPLOYMENT_TARGET = 10.13;
				MTL_ENABLE_DEBUG_INFO = NO;
				SDKROOT = macosx;
			};
			name = Release;
		};
		609D09C01FB86C730038B925 /* Debug */ = {
			isa = XCBuildConfiguration;
			buildSettings = {
				CODE_SIGN_STYLE = Automatic;
				PRODUCT_NAME = "$(TARGET_NAME)";
			};
			name = Debug;
		};
		609D09C11FB86C730038B925 /* Release */ = {
			isa = XCBuildConfiguration;
			buildSettings = {
				CODE_SIGN_STYLE = Automatic;
				PRODUCT_NAME = "$(TARGET_NAME)";
			};
			name = Release;
		};
/* End XCBuildConfiguration section */

/* Begin XCConfigurationList section */
		609D09B31FB86C730038B925 /* Build configuration list for PBXProject "RangeSelection" */ = {
			isa = XCConfigurationList;
			buildConfigurations = (
				609D09BD1FB86C730038B925 /* Debug */,
				609D09BE1FB86C730038B925 /* Release */,
			);
			defaultConfigurationIsVisible = 0;
			defaultConfigurationName = Release;
		};
		609D09BF1FB86C730038B925 /* Build configuration list for PBXNativeTarget "RangeSelection" */ = {
			isa = XCConfigurationList;
			buildConfigurations = (
				609D09C01FB86C730038B925 /* Debug */,
				609D09C11FB86C730038B925 /* Release */,
			);
			defaultConfigurationIsVisible = 0;
			defaultConfigurationName = Release;
		};
/* End XCConfigurationList section */
	};
	rootObject = 609D09B01FB86C730038B925 /* Project object */;
}
