// !$*UTF8*$!
{
	archiveVersion = 1;
	classes = {
	};
	objectVersion = 48;
	objects = {

/* Begin PBXBuildFile section */
		6033008D1FAE09D600DDFEEC /* main.c in Sources */ = {isa = PBXBuildFile; fileRef = 6033008C1FAE09D600DDFEEC /* main.c */; };
		603300951FAE09FB00DDFEEC /* greetings.c in Sources */ = {isa = PBXBuildFile; fileRef = 603300941FAE09FB00DDFEEC /* greetings.c */; };
/* End PBXBuildFile section */

/* Begin PBXCopyFilesBuildPhase section */
		603300871FAE09D500DDFEEC /* CopyFiles */ = {
			isa = PBXCopyFilesBuildPhase;
			buildActionMask = 2147483647;
			dstPath = /usr/share/man/man1/;
			dstSubfolderSpec = 0;
			files = (
			);
			runOnlyForDeploymentPostprocessing = 1;
		};
/* End PBXCopyFilesBuildPhase section */

/* Begin PBXFileReference section */
		603300891FAE09D500DDFEEC /* greetings */ = {isa = PBXFileReference; explicitFileType = "compiled.mach-o.executable"; includeInIndex = 0; path = greetings; sourceTree = BUILT_PRODUCTS_DIR; };
		6033008C1FAE09D600DDFEEC /* main.c */ = {isa = PBXFileReference; indentWidth = 2; lastKnownFileType = sourcecode.c.c; path = main.c; sourceTree = "<group>"; tabWidth = 2; };
		603300931FAE09FA00DDFEEC /* greetings.h */ = {isa = PBXFileReference; lastKnownFileType = sourcecode.c.h; path = greetings.h; sourceTree = "<group>"; };
		603300941FAE09FB00DDFEEC /* greetings.c */ = {isa = PBXFileReference; indentWidth = 2; lastKnownFileType = sourcecode.c.c; path = greetings.c; sourceTree = "<group>"; tabWidth = 2; };
/* End PBXFileReference section */

/* Begin PBXFrameworksBuildPhase section */
		603300861FAE09D500DDFEEC /* Frameworks */ = {
			isa = PBXFrameworksBuildPhase;
			buildActionMask = 2147483647;
			files = (
			);
			runOnlyForDeploymentPostprocessing = 0;
		};
/* End PBXFrameworksBuildPhase section */

/* Begin PBXGroup section */
		603300801FAE09D500DDFEEC = {
			isa = PBXGroup;
			children = (
				6033008B1FAE09D500DDFEEC /* greetings */,
				6033008A1FAE09D500DDFEEC /* Products */,
			);
			sourceTree = "<group>";
		};
		6033008A1FAE09D500DDFEEC /* Products */ = {
			isa = PBXGroup;
			children = (
				603300891FAE09D500DDFEEC /* greetings */,
			);
			name = Products;
			sourceTree = "<group>";
		};
		6033008B1FAE09D500DDFEEC /* greetings */ = {
			isa = PBXGroup;
			children = (
				6033008C1FAE09D600DDFEEC /* main.c */,
				603300931FAE09FA00DDFEEC /* greetings.h */,
				603300941FAE09FB00DDFEEC /* greetings.c */,
			);
			path = greetings;
			sourceTree = "<group>";
		};
/* End PBXGroup section */

/* Begin PBXNativeTarget section */
		603300881FAE09D500DDFEEC /* greetings */ = {
			isa = PBXNativeTarget;
			buildConfigurationList = 603300901FAE09D600DDFEEC /* Build configuration list for PBXNativeTarget "greetings" */;
			buildPhases = (
				603300851FAE09D500DDFEEC /* Sources */,
				603300861FAE09D500DDFEEC /* Frameworks */,
				603300871FAE09D500DDFEEC /* CopyFiles */,
			);
			buildRules = (
			);
			dependencies = (
			);
			name = greetings;
			productName = greetings;
			productReference = 603300891FAE09D500DDFEEC /* greetings */;
			productType = "com.apple.product-type.tool";
		};
/* End PBXNativeTarget section */

/* Begin PBXProject section */
		603300811FAE09D500DDFEEC /* Project object */ = {
			isa = PBXProject;
			attributes = {
				LastUpgradeCheck = 0910;
				ORGANIZATIONNAME = "Mieszko Wawrzyniak";
				TargetAttributes = {
					603300881FAE09D500DDFEEC = {
						CreatedOnToolsVersion = 9.1;
						ProvisioningStyle = Automatic;
					};
				};
			};
			buildConfigurationList = 603300841FAE09D500DDFEEC /* Build configuration list for PBXProject "greetings" */;
			compatibilityVersion = "Xcode 8.0";
			developmentRegion = en;
			hasScannedForEncodings = 0;
			knownRegions = (
				en,
			);
			mainGroup = 603300801FAE09D500DDFEEC;
			productRefGroup = 6033008A1FAE09D500DDFEEC /* Products */;
			projectDirPath = "";
			projectRoot = "";
			targets = (
				603300881FAE09D500DDFEEC /* greetings */,
			);
		};
/* End PBXProject section */

/* Begin PBXSourcesBuildPhase section */
		603300851FAE09D500DDFEEC /* Sources */ = {
			isa = PBXSourcesBuildPhase;
			buildActionMask = 2147483647;
			files = (
				603300951FAE09FB00DDFEEC /* greetings.c in Sources */,
				6033008D1FAE09D600DDFEEC /* main.c in Sources */,
			);
			runOnlyForDeploymentPostprocessing = 0;
		};
/* End PBXSourcesBuildPhase section */

/* Begin XCBuildConfiguration section */
		6033008E1FAE09D600DDFEEC /* Debug */ = {
			isa = XCBuildConfiguration;
			buildSettings = {
				ALWAYS_SEARCH_USER_PATHS = NO;
				CLANG_ANALYZER_NONNULL = YES;
				CLANG_ANALYZER_NUMBER_OBJECT_CONVERSION = YES_AGGRESSIVE;
				CLANG_CXX_LANGUAGE_STANDARD = "gnu++14";
				CLANG_CXX_LIBRARY = "libc++";
				CLANG_ENABLE_MODULES = YES;
				CLANG_ENABLE_OBJC_ARC = YES;
				CLANG_WARN_BLOCK_CAPTURE_AUTORELEASING = YES;
				CLANG_WARN_BOOL_CONVERSION = YES;
				CLANG_WARN_COMMA = YES;
				CLANG_WARN_CONSTANT_CONVERSION = YES;
				CLANG_WARN_DIRECT_OBJC_ISA_USAGE = YES_ERROR;
				CLANG_WARN_DOCUMENTATION_COMMENTS = YES;
				CLANG_WARN_EMPTY_BODY = YES;
				CLANG_WARN_ENUM_CONVERSION = YES;
				CLANG_WARN_INFINITE_RECURSION = YES;
				CLANG_WARN_INT_CONVERSION = YES;
				CLANG_WARN_NON_LITERAL_NULL_CONVERSION = YES;
				CLANG_WARN_OBJC_LITERAL_CONVERSION = YES;
				CLANG_WARN_OBJC_ROOT_CLASS = YES_ERROR;
				CLANG_WARN_RANGE_LOOP_ANALYSIS = YES;
				CLANG_WARN_STRICT_PROTOTYPES = YES;
				CLANG_WARN_SUSPICIOUS_MOVE = YES;
				CLANG_WARN_UNGUARDED_AVAILABILITY = YES_AGGRESSIVE;
				CLANG_WARN_UNREACHABLE_CODE = YES;
				CLANG_WARN__DUPLICATE_METHOD_MATCH = YES;
				CODE_SIGN_IDENTITY = "-";
				COPY_PHASE_STRIP = NO;
				DEBUG_INFORMATION_FORMAT = dwarf;
				ENABLE_STRICT_OBJC_MSGSEND = YES;
				ENABLE_TESTABILITY = YES;
				GCC_C_LANGUAGE_STANDARD = gnu11;
				GCC_DYNAMIC_NO_PIC = NO;
				GCC_NO_COMMON_BLOCKS = YES;
				GCC_OPTIMIZATION_LEVEL = 0;
				GCC_PREPROCESSOR_DEFINITIONS = (
					"DEBUG=1",
					"$(inherited)",
				);
				GCC_WARN_64_TO_32_BIT_CONVERSION = YES;
				GCC_WARN_ABOUT_RETURN_TYPE = YES_ERROR;
				GCC_WARN_UNDECLARED_SELECTOR = YES;
				GCC_WARN_UNINITIALIZED_AUTOS = YES_AGGRESSIVE;
				GCC_WARN_UNUSED_FUNCTION = YES;
				GCC_WARN_UNUSED_VARIABLE = YES;
				MACOSX_DEPLOYMENT_TARGET = 10.13;
				MTL_ENABLE_DEBUG_INFO = YES;
				ONLY_ACTIVE_ARCH = YES;
				SDKROOT = macosx;
			};
			name = Debug;
		};
		6033008F1FAE09D600DDFEEC /* Release */ = {
			isa = XCBuildConfiguration;
			buildSettings = {
				ALWAYS_SEARCH_USER_PATHS = NO;
				CLANG_ANALYZER_NONNULL = YES;
				CLANG_ANALYZER_NUMBER_OBJECT_CONVERSION = YES_AGGRESSIVE;
				CLANG_CXX_LANGUAGE_STANDARD = "gnu++14";
				CLANG_CXX_LIBRARY = "libc++";
				CLANG_ENABLE_MODULES = YES;
				CLANG_ENABLE_OBJC_ARC = YES;
				CLANG_WARN_BLOCK_CAPTURE_AUTORELEASING = YES;
				CLANG_WARN_BOOL_CONVERSION = YES;
				CLANG_WARN_COMMA = YES;
				CLANG_WARN_CONSTANT_CONVERSION = YES;
				CLANG_WARN_DIRECT_OBJC_ISA_USAGE = YES_ERROR;
				CLANG_WARN_DOCUMENTATION_COMMENTS = YES;
				CLANG_WARN_EMPTY_BODY = YES;
				CLANG_WARN_ENUM_CONVERSION = YES;
				CLANG_WARN_INFINITE_RECURSION = YES;
				CLANG_WARN_INT_CONVERSION = YES;
				CLANG_WARN_NON_LITERAL_NULL_CONVERSION = YES;
				CLANG_WARN_OBJC_LITERAL_CONVERSION = YES;
				CLANG_WARN_OBJC_ROOT_CLASS = YES_ERROR;
				CLANG_WARN_RANGE_LOOP_ANALYSIS = YES;
				CLANG_WARN_STRICT_PROTOTYPES = YES;
				CLANG_WARN_SUSPICIOUS_MOVE = YES;
				CLANG_WARN_UNGUARDED_AVAILABILITY = YES_AGGRESSIVE;
				CLANG_WARN_UNREACHABLE_CODE = YES;
				CLANG_WARN__DUPLICATE_METHOD_MATCH = YES;
				CODE_SIGN_IDENTITY = "-";
				COPY_PHASE_STRIP = NO;
				DEBUG_INFORMATION_FORMAT = "dwarf-with-dsym";
				ENABLE_NS_ASSERTIONS = NO;
				ENABLE_STRICT_OBJC_MSGSEND = YES;
				GCC_C_LANGUAGE_STANDARD = gnu11;
				GCC_NO_COMMON_BLOCKS = YES;
				GCC_WARN_64_TO_32_BIT_CONVERSION = YES;
				GCC_WARN_ABOUT_RETURN_TYPE = YES_ERROR;
				GCC_WARN_UNDECLARED_SELECTOR = YES;
				GCC_WARN_UNINITIALIZED_AUTOS = YES_AGGRESSIVE;
				GCC_WARN_UNUSED_FUNCTION = YES;
				GCC_WARN_UNUSED_VARIABLE = YES;
				MACOSX_DEPLOYMENT_TARGET = 10.13;
				MTL_ENABLE_DEBUG_INFO = NO;
				SDKROOT = macosx;
			};
			name = Release;
		};
		603300911FAE09D600DDFEEC /* Debug */ = {
			isa = XCBuildConfiguration;
			buildSettings = {
				CODE_SIGN_STYLE = Automatic;
				PRODUCT_NAME = "$(TARGET_NAME)";
			};
			name = Debug;
		};
		603300921FAE09D600DDFEEC /* Release */ = {
			isa = XCBuildConfiguration;
			buildSettings = {
				CODE_SIGN_STYLE = Automatic;
				PRODUCT_NAME = "$(TARGET_NAME)";
			};
			name = Release;
		};
/* End XCBuildConfiguration section */

/* Begin XCConfigurationList section */
		603300841FAE09D500DDFEEC /* Build configuration list for PBXProject "greetings" */ = {
			isa = XCConfigurationList;
			buildConfigurations = (
				6033008E1FAE09D600DDFEEC /* Debug */,
				6033008F1FAE09D600DDFEEC /* Release */,
			);
			defaultConfigurationIsVisible = 0;
			defaultConfigurationName = Release;
		};
		603300901FAE09D600DDFEEC /* Build configuration list for PBXNativeTarget "greetings" */ = {
			isa = XCConfigurationList;
			buildConfigurations = (
				603300911FAE09D600DDFEEC /* Debug */,
				603300921FAE09D600DDFEEC /* Release */,
			);
			defaultConfigurationIsVisible = 0;
			defaultConfigurationName = Release;
		};
/* End XCConfigurationList section */
	};
	rootObject = 603300811FAE09D500DDFEEC /* Project object */;
}
